#
# This file is autogenerated by pip-compile with Python 3.7
# by the following command:
#
#    pip-compile --output-file=requirements.lock requirements.txt
#
-e file:///Users/jamiebarker/GitHub/fpl-spi-predictions
    # via -r requirements.txt
anyio==3.6.2
    # via
    #   httpcore
    #   starlette
    #   watchfiles
attrs==22.2.0
    # via pytest
black==23.1.0
    # via -r requirements.txt
certifi==2022.12.7
    # via
    #   httpcore
    #   httpx
click==8.1.3
    # via
    #   black
    #   uvicorn
cycler==0.11.0
    # via matplotlib
exceptiongroup==1.1.1
    # via pytest
fastapi==0.95.0
    # via -r requirements.txt
flake8==5.0.4
    # via -r requirements.txt
fonttools==4.38.0
    # via matplotlib
h11==0.14.0
    # via
    #   httpcore
    #   uvicorn
httpcore==0.16.3
    # via httpx
httptools==0.5.0
    # via uvicorn
httpx==0.23.3
    # via -r requirements.txt
idna==3.4
    # via
    #   anyio
    #   rfc3986
importlib-metadata==4.2.0
    # via
    #   click
    #   flake8
    #   pluggy
    #   pytest
iniconfig==2.0.0
    # via pytest
joblib==1.2.0
    # via scikit-learn
kiwisolver==1.4.4
    # via matplotlib
matplotlib==3.5.3
    # via -r requirements.txt
mccabe==0.7.0
    # via flake8
mypy-extensions==1.0.0
    # via black
numpy==1.21.6
    # via
    #   -r requirements.txt
    #   matplotlib
    #   pandas
    #   scikit-learn
    #   scipy
    #   xgboost
packaging==23.0
    # via
    #   black
    #   matplotlib
    #   pytest
pandas==1.3.5
    # via -r requirements.txt
pathspec==0.11.1
    # via black
pillow==9.4.0
    # via matplotlib
platformdirs==3.1.1
    # via black
pluggy==1.0.0
    # via pytest
pycodestyle==2.9.1
    # via flake8
pydantic==1.10.7
    # via fastapi
pyflakes==2.5.0
    # via flake8
pyparsing==3.0.9
    # via matplotlib
pytest==7.2.2
    # via -r requirements.txt
python-dateutil==2.8.2
    # via
    #   matplotlib
    #   pandas
python-dotenv==0.21.1
    # via uvicorn
pytz==2022.7.1
    # via pandas
pyyaml==6.0
    # via uvicorn
rfc3986[idna2008]==1.5.0
    # via httpx
scikit-learn==1.0.2
    # via -r requirements.txt
scipy==1.7.3
    # via
    #   -r requirements.txt
    #   scikit-learn
    #   xgboost
six==1.16.0
    # via python-dateutil
sniffio==1.3.0
    # via
    #   anyio
    #   httpcore
    #   httpx
starlette==0.26.1
    # via fastapi
threadpoolctl==3.1.0
    # via scikit-learn
tomli==2.0.1
    # via
    #   black
    #   pytest
typed-ast==1.5.4
    # via black
typing-extensions==4.5.0
    # via
    #   anyio
    #   black
    #   h11
    #   importlib-metadata
    #   kiwisolver
    #   platformdirs
    #   pydantic
    #   starlette
    #   uvicorn
uvicorn[standard]==0.21.1
    # via -r requirements.txt
uvloop==0.17.0
    # via uvicorn
watchfiles==0.18.1
    # via uvicorn
websockets==10.4
    # via uvicorn
xgboost==1.6.2
    # via -r requirements.txt
zipp==3.15.0
    # via importlib-metadata
